// !$*UTF8*$!
{
	archiveVersion = 1;
	classes = {
	};
	objectVersion = 50;
	objects = {

/* Begin PBXBuildFile section */
		681C3D0424DA7510003D4F34 /* AppDelegate.m in Sources */ = {isa = PBXBuildFile; fileRef = 681C3D0324DA7510003D4F34 /* AppDelegate.m */; };
		681C3D0724DA7510003D4F34 /* SceneDelegate.m in Sources */ = {isa = PBXBuildFile; fileRef = 681C3D0624DA7510003D4F34 /* SceneDelegate.m */; };
		681C3D0A24DA7510003D4F34 /* ViewController.m in Sources */ = {isa = PBXBuildFile; fileRef = 681C3D0924DA7510003D4F34 /* ViewController.m */; };
		681C3D0D24DA7510003D4F34 /* Main.storyboard in Resources */ = {isa = PBXBuildFile; fileRef = 681C3D0B24DA7510003D4F34 /* Main.storyboard */; };
		681C3D0F24DA7511003D4F34 /* Assets.xcassets in Resources */ = {isa = PBXBuildFile; fileRef = 681C3D0E24DA7511003D4F34 /* Assets.xcassets */; };
		681C3D1224DA7511003D4F34 /* LaunchScreen.storyboard in Resources */ = {isa = PBXBuildFile; fileRef = 681C3D1024DA7511003D4F34 /* LaunchScreen.storyboard */; };
		681C3D1524DA7511003D4F34 /* main.m in Sources */ = {isa = PBXBuildFile; fileRef = 681C3D1424DA7511003D4F34 /* main.m */; };
		681C3D1D24DA76EF003D4F34 /* Person.m in Sources */ = {isa = PBXBuildFile; fileRef = 681C3D1C24DA76EF003D4F34 /* Person.m */; };
/* End PBXBuildFile section */

/* Begin PBXFileReference section */
		681C3CFF24DA7510003D4F34 /* demo.app */ = {isa = PBXFileReference; explicitFileType = wrapper.application; includeInIndex = 0; path = demo.app; sourceTree = BUILT_PRODUCTS_DIR; };
		681C3D0224DA7510003D4F34 /* AppDelegate.h */ = {isa = PBXFileReference; lastKnownFileType = sourcecode.c.h; path = AppDelegate.h; sourceTree = "<group>"; };
		681C3D0324DA7510003D4F34 /* AppDelegate.m */ = {isa = PBXFileReference; lastKnownFileType = sourcecode.c.objc; path = AppDelegate.m; sourceTree = "<group>"; };
		681C3D0524DA7510003D4F34 /* SceneDelegate.h */ = {isa = PBXFileReference; lastKnownFileType = sourcecode.c.h; path = SceneDelegate.h; sourceTree = "<group>"; };
		681C3D0624DA7510003D4F34 /* SceneDelegate.m */ = {isa = PBXFileReference; lastKnownFileType = sourcecode.c.objc; path = SceneDelegate.m; sourceTree = "<group>"; };
		681C3D0824DA7510003D4F34 /* ViewController.h */ = {isa = PBXFileReference; lastKnownFileType = sourcecode.c.h; path = ViewController.h; sourceTree = "<group>"; };
		681C3D0924DA7510003D4F34 /* ViewController.m */ = {isa = PBXFileReference; lastKnownFileType = sourcecode.c.objc; path = ViewController.m; sourceTree = "<group>"; };
		681C3D0C24DA7510003D4F34 /* Base */ = {isa = PBXFileReference; lastKnownFileType = file.storyboard; name = Base; path = Base.lproj/Main.storyboard; sourceTree = "<group>"; };
		681C3D0E24DA7511003D4F34 /* Assets.xcassets */ = {isa = PBXFileReference; lastKnownFileType = folder.assetcatalog; path = Assets.xcassets; sourceTree = "<group>"; };
		681C3D1124DA7511003D4F34 /* Base */ = {isa = PBXFileReference; lastKnownFileType = file.storyboard; name = Base; path = Base.lproj/LaunchScreen.storyboard; sourceTree = "<group>"; };
		681C3D1324DA7511003D4F34 /* Info.plist */ = {isa = PBXFileReference; lastKnownFileType = text.plist.xml; path = Info.plist; sourceTree = "<group>"; };
		681C3D1424DA7511003D4F34 /* main.m */ = {isa = PBXFileReference; lastKnownFileType = sourcecode.c.objc; path = main.m; sourceTree = "<group>"; };
		681C3D1B24DA76EF003D4F34 /* Person.h */ = {isa = PBXFileReference; lastKnownFileType = sourcecode.c.h; path = Person.h; sourceTree = "<group>"; };
		681C3D1C24DA76EF003D4F34 /* Person.m */ = {isa = PBXFileReference; lastKnownFileType = sourcecode.c.objc; path = Person.m; sourceTree = "<group>"; };
		68314C1B24EFB4A80005D7F6 /* 基础知识.md */ = {isa = PBXFileReference; lastKnownFileType = net.daringfireball.markdown; path = "基础知识.md"; sourceTree = "<group>"; };
		68E8B10524ED0F2E00D84644 /* main.md */ = {isa = PBXFileReference; lastKnownFileType = net.daringfireball.markdown; path = main.md; sourceTree = "<group>"; };
/* End PBXFileReference section */

/* Begin PBXFrameworksBuildPhase section */
		681C3CFC24DA7510003D4F34 /* Frameworks */ = {
			isa = PBXFrameworksBuildPhase;
			buildActionMask = 2147483647;
			files = (
			);
			runOnlyForDeploymentPostprocessing = 0;
		};
/* End PBXFrameworksBuildPhase section */

/* Begin PBXGroup section */
		681C3CF624DA7510003D4F34 = {
			isa = PBXGroup;
			children = (
				681C3D0124DA7510003D4F34 /* demo */,
				681C3D0024DA7510003D4F34 /* Products */,
			);
			sourceTree = "<group>";
		};
		681C3D0024DA7510003D4F34 /* Products */ = {
			isa = PBXGroup;
			children = (
				681C3CFF24DA7510003D4F34 /* demo.app */,
			);
			name = Products;
			sourceTree = "<group>";
		};
		681C3D0124DA7510003D4F34 /* demo */ = {
			isa = PBXGroup;
			children = (
				681C3D0224DA7510003D4F34 /* AppDelegate.h */,
				681C3D0324DA7510003D4F34 /* AppDelegate.m */,
				681C3D0524DA7510003D4F34 /* SceneDelegate.h */,
				681C3D0624DA7510003D4F34 /* SceneDelegate.m */,
				681C3D0824DA7510003D4F34 /* ViewController.h */,
				681C3D0924DA7510003D4F34 /* ViewController.m */,
				681C3D1B24DA76EF003D4F34 /* Person.h */,
				681C3D1C24DA76EF003D4F34 /* Person.m */,
				68E8B10524ED0F2E00D84644 /* main.md */,
				68314C1B24EFB4A80005D7F6 /* 基础知识.md */,
				681C3D0B24DA7510003D4F34 /* Main.storyboard */,
				681C3D0E24DA7511003D4F34 /* Assets.xcassets */,
				681C3D1024DA7511003D4F34 /* LaunchScreen.storyboard */,
				681C3D1324DA7511003D4F34 /* Info.plist */,
				681C3D1424DA7511003D4F34 /* main.m */,
			);
			path = demo;
			sourceTree = "<group>";
		};
/* End PBXGroup section */

/* Begin PBXNativeTarget section */
		681C3CFE24DA7510003D4F34 /* demo */ = {
			isa = PBXNativeTarget;
			buildConfigurationList = 681C3D1824DA7511003D4F34 /* Build configuration list for PBXNativeTarget "demo" */;
			buildPhases = (
				681C3CFB24DA7510003D4F34 /* Sources */,
				681C3CFC24DA7510003D4F34 /* Frameworks */,
				681C3CFD24DA7510003D4F34 /* Resources */,
			);
			buildRules = (
			);
			dependencies = (
			);
			name = demo;
			productName = demo;
			productReference = 681C3CFF24DA7510003D4F34 /* demo.app */;
			productType = "com.apple.product-type.application";
		};
/* End PBXNativeTarget section */

/* Begin PBXProject section */
		681C3CF724DA7510003D4F34 /* Project object */ = {
			isa = PBXProject;
			attributes = {
				LastUpgradeCheck = 1130;
				ORGANIZATIONNAME = ffang;
				TargetAttributes = {
					681C3CFE24DA7510003D4F34 = {
						CreatedOnToolsVersion = 11.3.1;
					};
				};
			};
			buildConfigurationList = 681C3CFA24DA7510003D4F34 /* Build configuration list for PBXProject "demo" */;
			compatibilityVersion = "Xcode 9.3";
			developmentRegion = en;
			hasScannedForEncodings = 0;
			knownRegions = (
				en,
				Base,
			);
			mainGroup = 681C3CF624DA7510003D4F34;
			productRefGroup = 681C3D0024DA7510003D4F34 /* Products */;
			projectDirPath = "";
			projectRoot = "";
			targets = (
				681C3CFE24DA7510003D4F34 /* demo */,
			);
		};
/* End PBXProject section */

/* Begin PBXResourcesBuildPhase section */
		681C3CFD24DA7510003D4F34 /* Resources */ = {
			isa = PBXResourcesBuildPhase;
			buildActionMask = 2147483647;
			files = (
				681C3D1224DA7511003D4F34 /* LaunchScreen.storyboard in Resources */,
				681C3D0F24DA7511003D4F34 /* Assets.xcassets in Resources */,
				681C3D0D24DA7510003D4F34 /* Main.storyboard in Resources */,
			);
			runOnlyForDeploymentPostprocessing = 0;
		};
/* End PBXResourcesBuildPhase section */

/* Begin PBXSourcesBuildPhase section */
		681C3CFB24DA7510003D4F34 /* Sources */ = {
			isa = PBXSourcesBuildPhase;
			buildActionMask = 2147483647;
			files = (
				681C3D0A24DA7510003D4F34 /* ViewController.m in Sources */,
				681C3D0424DA7510003D4F34 /* AppDelegate.m in Sources */,
				681C3D1D24DA76EF003D4F34 /* Person.m in Sources */,
				681C3D1524DA7511003D4F34 /* main.m in Sources */,
				681C3D0724DA7510003D4F34 /* SceneDelegate.m in Sources */,
			);
			runOnlyForDeploymentPostprocessing = 0;
		};
/* End PBXSourcesBuildPhase section */

/* Begin PBXVariantGroup section */
		681C3D0B24DA7510003D4F34 /* Main.storyboard */ = {
			isa = PBXVariantGroup;
			children = (
				681C3D0C24DA7510003D4F34 /* Base */,
			);
			name = Main.storyboard;
			sourceTree = "<group>";
		};
		681C3D1024DA7511003D4F34 /* LaunchScreen.storyboard */ = {
			isa = PBXVariantGroup;
			children = (
				681C3D1124DA7511003D4F34 /* Base */,
			);
			name = LaunchScreen.storyboard;
			sourceTree = "<group>";
		};
/* End PBXVariantGroup section */

/* Begin XCBuildConfiguration section */
		681C3D1624DA7511003D4F34 /* Debug */ = {
			isa = XCBuildConfiguration;
			buildSettings = {
				ALWAYS_SEARCH_USER_PATHS = NO;
				CLANG_ANALYZER_NONNULL = YES;
				CLANG_ANALYZER_NUMBER_OBJECT_CONVERSION = YES_AGGRESSIVE;
				CLANG_CXX_LANGUAGE_STANDARD = "gnu++14";
				CLANG_CXX_LIBRARY = "libc++";
				CLANG_ENABLE_MODULES = YES;
				CLANG_ENABLE_OBJC_ARC = YES;
				CLANG_ENABLE_OBJC_WEAK = YES;
				CLANG_WARN_BLOCK_CAPTURE_AUTORELEASING = YES;
				CLANG_WARN_BOOL_CONVERSION = YES;
				CLANG_WARN_COMMA = YES;
				CLANG_WARN_CONSTANT_CONVERSION = YES;
				CLANG_WARN_DEPRECATED_OBJC_IMPLEMENTATIONS = YES;
				CLANG_WARN_DIRECT_OBJC_ISA_USAGE = YES_ERROR;
				CLANG_WARN_DOCUMENTATION_COMMENTS = YES;
				CLANG_WARN_EMPTY_BODY = YES;
				CLANG_WARN_ENUM_CONVERSION = YES;
				CLANG_WARN_INFINITE_RECURSION = YES;
				CLANG_WARN_INT_CONVERSION = YES;
				CLANG_WARN_NON_LITERAL_NULL_CONVERSION = YES;
				CLANG_WARN_OBJC_IMPLICIT_RETAIN_SELF = YES;
				CLANG_WARN_OBJC_LITERAL_CONVERSION = YES;
				CLANG_WARN_OBJC_ROOT_CLASS = YES_ERROR;
				CLANG_WARN_RANGE_LOOP_ANALYSIS = YES;
				CLANG_WARN_STRICT_PROTOTYPES = YES;
				CLANG_WARN_SUSPICIOUS_MOVE = YES;
				CLANG_WARN_UNGUARDED_AVAILABILITY = YES_AGGRESSIVE;
				CLANG_WARN_UNREACHABLE_CODE = YES;
				CLANG_WARN__DUPLICATE_METHOD_MATCH = YES;
				COPY_PHASE_STRIP = NO;
				DEBUG_INFORMATION_FORMAT = dwarf;
				ENABLE_STRICT_OBJC_MSGSEND = YES;
				ENABLE_TESTABILITY = YES;
				GCC_C_LANGUAGE_STANDARD = gnu11;
				GCC_DYNAMIC_NO_PIC = NO;
				GCC_NO_COMMON_BLOCKS = YES;
				GCC_OPTIMIZATION_LEVEL = 0;
				GCC_PREPROCESSOR_DEFINITIONS = (
					"DEBUG=1",
					"$(inherited)",
				);
				GCC_WARN_64_TO_32_BIT_CONVERSION = YES;
				GCC_WARN_ABOUT_RETURN_TYPE = YES_ERROR;
				GCC_WARN_UNDECLARED_SELECTOR = YES;
				GCC_WARN_UNINITIALIZED_AUTOS = YES_AGGRESSIVE;
				GCC_WARN_UNUSED_FUNCTION = YES;
				GCC_WARN_UNUSED_VARIABLE = YES;
				IPHONEOS_DEPLOYMENT_TARGET = 13.2;
				MTL_ENABLE_DEBUG_INFO = INCLUDE_SOURCE;
				MTL_FAST_MATH = YES;
				ONLY_ACTIVE_ARCH = YES;
				SDKROOT = iphoneos;
			};
			name = Debug;
		};
		681C3D1724DA7511003D4F34 /* Release */ = {
			isa = XCBuildConfiguration;
			buildSettings = {
				ALWAYS_SEARCH_USER_PATHS = NO;
				CLANG_ANALYZER_NONNULL = YES;
				CLANG_ANALYZER_NUMBER_OBJECT_CONVERSION = YES_AGGRESSIVE;
				CLANG_CXX_LANGUAGE_STANDARD = "gnu++14";
				CLANG_CXX_LIBRARY = "libc++";
				CLANG_ENABLE_MODULES = YES;
				CLANG_ENABLE_OBJC_ARC = YES;
				CLANG_ENABLE_OBJC_WEAK = YES;
				CLANG_WARN_BLOCK_CAPTURE_AUTORELEASING = YES;
				CLANG_WARN_BOOL_CONVERSION = YES;
				CLANG_WARN_COMMA = YES;
				CLANG_WARN_CONSTANT_CONVERSION = YES;
				CLANG_WARN_DEPRECATED_OBJC_IMPLEMENTATIONS = YES;
				CLANG_WARN_DIRECT_OBJC_ISA_USAGE = YES_ERROR;
				CLANG_WARN_DOCUMENTATION_COMMENTS = YES;
				CLANG_WARN_EMPTY_BODY = YES;
				CLANG_WARN_ENUM_CONVERSION = YES;
				CLANG_WARN_INFINITE_RECURSION = YES;
				CLANG_WARN_INT_CONVERSION = YES;
				CLANG_WARN_NON_LITERAL_NULL_CONVERSION = YES;
				CLANG_WARN_OBJC_IMPLICIT_RETAIN_SELF = YES;
				CLANG_WARN_OBJC_LITERAL_CONVERSION = YES;
				CLANG_WARN_OBJC_ROOT_CLASS = YES_ERROR;
				CLANG_WARN_RANGE_LOOP_ANALYSIS = YES;
				CLANG_WARN_STRICT_PROTOTYPES = YES;
				CLANG_WARN_SUSPICIOUS_MOVE = YES;
				CLANG_WARN_UNGUARDED_AVAILABILITY = YES_AGGRESSIVE;
				CLANG_WARN_UNREACHABLE_CODE = YES;
				CLANG_WARN__DUPLICATE_METHOD_MATCH = YES;
				COPY_PHASE_STRIP = NO;
				DEBUG_INFORMATION_FORMAT = "dwarf-with-dsym";
				ENABLE_NS_ASSERTIONS = NO;
				ENABLE_STRICT_OBJC_MSGSEND = YES;
				GCC_C_LANGUAGE_STANDARD = gnu11;
				GCC_NO_COMMON_BLOCKS = YES;
				GCC_WARN_64_TO_32_BIT_CONVERSION = YES;
				GCC_WARN_ABOUT_RETURN_TYPE = YES_ERROR;
				GCC_WARN_UNDECLARED_SELECTOR = YES;
				GCC_WARN_UNINITIALIZED_AUTOS = YES_AGGRESSIVE;
				GCC_WARN_UNUSED_FUNCTION = YES;
				GCC_WARN_UNUSED_VARIABLE = YES;
				IPHONEOS_DEPLOYMENT_TARGET = 13.2;
				MTL_ENABLE_DEBUG_INFO = NO;
				MTL_FAST_MATH = YES;
				SDKROOT = iphoneos;
				VALIDATE_PRODUCT = YES;
			};
			name = Release;
		};
		681C3D1924DA7511003D4F34 /* Debug */ = {
			isa = XCBuildConfiguration;
			buildSettings = {
				ASSETCATALOG_COMPILER_APPICON_NAME = AppIcon;
				CODE_SIGN_STYLE = Automatic;
				DEVELOPMENT_TEAM = HHVA6X92ZV;
				INFOPLIST_FILE = demo/Info.plist;
				LD_RUNPATH_SEARCH_PATHS = (
					"$(inherited)",
					"@executable_path/Frameworks",
				);
				PRODUCT_BUNDLE_IDENTIFIER = ffang.demo;
				PRODUCT_NAME = "$(TARGET_NAME)";
				TARGETED_DEVICE_FAMILY = "1,2";
			};
			name = Debug;
		};
		681C3D1A24DA7511003D4F34 /* Release */ = {
			isa = XCBuildConfiguration;
			buildSettings = {
				ASSETCATALOG_COMPILER_APPICON_NAME = AppIcon;
				CODE_SIGN_STYLE = Automatic;
				DEVELOPMENT_TEAM = HHVA6X92ZV;
				INFOPLIST_FILE = demo/Info.plist;
				LD_RUNPATH_SEARCH_PATHS = (
					"$(inherited)",
					"@executable_path/Frameworks",
				);
				PRODUCT_BUNDLE_IDENTIFIER = ffang.demo;
				PRODUCT_NAME = "$(TARGET_NAME)";
				TARGETED_DEVICE_FAMILY = "1,2";
			};
			name = Release;
		};
/* End XCBuildConfiguration section */

/* Begin XCConfigurationList section */
		681C3CFA24DA7510003D4F34 /* Build configuration list for PBXProject "demo" */ = {
			isa = XCConfigurationList;
			buildConfigurations = (
				681C3D1624DA7511003D4F34 /* Debug */,
				681C3D1724DA7511003D4F34 /* Release */,
			);
			defaultConfigurationIsVisible = 0;
			defaultConfigurationName = Release;
		};
		681C3D1824DA7511003D4F34 /* Build configuration list for PBXNativeTarget "demo" */ = {
			isa = XCConfigurationList;
			buildConfigurations = (
				681C3D1924DA7511003D4F34 /* Debug */,
				681C3D1A24DA7511003D4F34 /* Release */,
			);
			defaultConfigurationIsVisible = 0;
			defaultConfigurationName = Release;
		};
/* End XCConfigurationList section */
	};
	rootObject = 681C3CF724DA7510003D4F34 /* Project object */;
}
